
Microsoft Visual Studio Solution File, Format Version 12.00
Project("{2150E333-8FDC-42A3-9474-1A3956D46DE8}") = "DataAccess", "DataAccess", "{8B24B2D7-7517-4A70-B70E-540E964EFAAF}"
EndProject
Project("{FAE04EC0-301F-11D3-BF4B-00C04F79EFBC}") = "Accessors", "Accessors\Accessors.csproj", "{B107BF1F-69D6-4701-A244-EF1025B6662C}"
EndProject
Project("{FAE04EC0-301F-11D3-BF4B-00C04F79EFBC}") = "Accessors.Tests", "Accessors.Tests\Accessors.Tests.csproj", "{815BFC72-EA03-42E6-8676-5D535E52E250}"
EndProject
Project("{2150E333-8FDC-42A3-9474-1A3956D46DE8}") = "Manager", "Manager", "{A7BBF394-E7B4-40B5-83E7-16B0B028633B}"
EndProject
Project("{FAE04EC0-301F-11D3-BF4B-00C04F79EFBC}") = "Manager", "Manager\Manager.csproj", "{5565E3D1-74FA-42D3-A590-8727325DB8A9}"
EndProject
Project("{FAE04EC0-301F-11D3-BF4B-00C04F79EFBC}") = "Manager.Tests", "Manager.Tests\Manager.Tests.csproj", "{2042DABF-6ACD-4393-937B-C03F5BE59941}"
EndProject
Project("{2150E333-8FDC-42A3-9474-1A3956D46DE8}") = "Host", "Host", "{9275993B-EB94-4762-A35E-04CE4EE4B942}"
EndProject
Project("{FAE04EC0-301F-11D3-BF4B-00C04F79EFBC}") = "Host", "Host\Host.csproj", "{38E64626-4165-48F8-8BBE-7C0D8D948A2C}"
EndProject
Project("{FAE04EC0-301F-11D3-BF4B-00C04F79EFBC}") = "Host.HyperMedia", "Host.HyperMedia\Host.HyperMedia.csproj", "{BD243C9C-C8A1-44BC-81E7-A1C59B7580FC}"
EndProject
Project("{2150E333-8FDC-42A3-9474-1A3956D46DE8}") = "Utility", "Utility", "{C1EBCAEE-C08E-4693-AC97-F8A536FCB23B}"
EndProject
Project("{FAE04EC0-301F-11D3-BF4B-00C04F79EFBC}") = "Utility", "Utility\Utility.csproj", "{CE7DEB72-CAD9-45FB-9D81-7A72CC3B780D}"
EndProject
Global
	GlobalSection(SolutionConfigurationPlatforms) = preSolution
		Debug|Any CPU = Debug|Any CPU
		Release|Any CPU = Release|Any CPU
	EndGlobalSection
	GlobalSection(NestedProjects) = preSolution
		{B107BF1F-69D6-4701-A244-EF1025B6662C} = {8B24B2D7-7517-4A70-B70E-540E964EFAAF}
		{815BFC72-EA03-42E6-8676-5D535E52E250} = {8B24B2D7-7517-4A70-B70E-540E964EFAAF}
		{5565E3D1-74FA-42D3-A590-8727325DB8A9} = {A7BBF394-E7B4-40B5-83E7-16B0B028633B}
		{2042DABF-6ACD-4393-937B-C03F5BE59941} = {A7BBF394-E7B4-40B5-83E7-16B0B028633B}
		{38E64626-4165-48F8-8BBE-7C0D8D948A2C} = {9275993B-EB94-4762-A35E-04CE4EE4B942}
		{BD243C9C-C8A1-44BC-81E7-A1C59B7580FC} = {9275993B-EB94-4762-A35E-04CE4EE4B942}
		{CE7DEB72-CAD9-45FB-9D81-7A72CC3B780D} = {C1EBCAEE-C08E-4693-AC97-F8A536FCB23B}
	EndGlobalSection
	GlobalSection(ProjectConfigurationPlatforms) = postSolution
		{B107BF1F-69D6-4701-A244-EF1025B6662C}.Debug|Any CPU.ActiveCfg = Debug|Any CPU
		{B107BF1F-69D6-4701-A244-EF1025B6662C}.Debug|Any CPU.Build.0 = Debug|Any CPU
		{B107BF1F-69D6-4701-A244-EF1025B6662C}.Release|Any CPU.ActiveCfg = Release|Any CPU
		{B107BF1F-69D6-4701-A244-EF1025B6662C}.Release|Any CPU.Build.0 = Release|Any CPU
		{815BFC72-EA03-42E6-8676-5D535E52E250}.Debug|Any CPU.ActiveCfg = Debug|Any CPU
		{815BFC72-EA03-42E6-8676-5D535E52E250}.Debug|Any CPU.Build.0 = Debug|Any CPU
		{815BFC72-EA03-42E6-8676-5D535E52E250}.Release|Any CPU.ActiveCfg = Release|Any CPU
		{815BFC72-EA03-42E6-8676-5D535E52E250}.Release|Any CPU.Build.0 = Release|Any CPU
		{5565E3D1-74FA-42D3-A590-8727325DB8A9}.Debug|Any CPU.ActiveCfg = Debug|Any CPU
		{5565E3D1-74FA-42D3-A590-8727325DB8A9}.Debug|Any CPU.Build.0 = Debug|Any CPU
		{5565E3D1-74FA-42D3-A590-8727325DB8A9}.Release|Any CPU.ActiveCfg = Release|Any CPU
		{5565E3D1-74FA-42D3-A590-8727325DB8A9}.Release|Any CPU.Build.0 = Release|Any CPU
		{2042DABF-6ACD-4393-937B-C03F5BE59941}.Debug|Any CPU.ActiveCfg = Debug|Any CPU
		{2042DABF-6ACD-4393-937B-C03F5BE59941}.Debug|Any CPU.Build.0 = Debug|Any CPU
		{2042DABF-6ACD-4393-937B-C03F5BE59941}.Release|Any CPU.ActiveCfg = Release|Any CPU
		{2042DABF-6ACD-4393-937B-C03F5BE59941}.Release|Any CPU.Build.0 = Release|Any CPU
		{38E64626-4165-48F8-8BBE-7C0D8D948A2C}.Debug|Any CPU.ActiveCfg = Debug|Any CPU
		{38E64626-4165-48F8-8BBE-7C0D8D948A2C}.Debug|Any CPU.Build.0 = Debug|Any CPU
		{38E64626-4165-48F8-8BBE-7C0D8D948A2C}.Release|Any CPU.ActiveCfg = Release|Any CPU
		{38E64626-4165-48F8-8BBE-7C0D8D948A2C}.Release|Any CPU.Build.0 = Release|Any CPU
		{BD243C9C-C8A1-44BC-81E7-A1C59B7580FC}.Debug|Any CPU.ActiveCfg = Debug|Any CPU
		{BD243C9C-C8A1-44BC-81E7-A1C59B7580FC}.Debug|Any CPU.Build.0 = Debug|Any CPU
		{BD243C9C-C8A1-44BC-81E7-A1C59B7580FC}.Release|Any CPU.ActiveCfg = Release|Any CPU
		{BD243C9C-C8A1-44BC-81E7-A1C59B7580FC}.Release|Any CPU.Build.0 = Release|Any CPU
		{CE7DEB72-CAD9-45FB-9D81-7A72CC3B780D}.Debug|Any CPU.ActiveCfg = Debug|Any CPU
		{CE7DEB72-CAD9-45FB-9D81-7A72CC3B780D}.Debug|Any CPU.Build.0 = Debug|Any CPU
		{CE7DEB72-CAD9-45FB-9D81-7A72CC3B780D}.Release|Any CPU.ActiveCfg = Release|Any CPU
		{CE7DEB72-CAD9-45FB-9D81-7A72CC3B780D}.Release|Any CPU.Build.0 = Release|Any CPU
	EndGlobalSection
EndGlobal
